{
    "_readme": [
        "This file locks the dependencies of your project to a known state",
        "Read more about it at https://getcomposer.org/doc/01-basic-usage.md#installing-dependencies",
        "This file is @generated automatically"
    ],
    "content-hash": "48eb65047d2e83a9fc4cd204c119945d",
    "packages": [
        {
            "name": "utopia-php/cli",
            "version": "0.19.0",
            "source": {
                "type": "git",
                "url": "https://github.com/utopia-php/cli.git",
                "reference": "f8af1d6087f498bc1f0191750a118d357ded9948"
            },
            "dist": {
                "type": "zip",
                "url": "https://api.github.com/repos/utopia-php/cli/zipball/f8af1d6087f498bc1f0191750a118d357ded9948",
                "reference": "f8af1d6087f498bc1f0191750a118d357ded9948",
                "shasum": ""
            },
            "require": {
                "php": ">=7.4",
                "utopia-php/di": "0.1.*",
                "utopia-php/framework": "1.0.*"
            },
            "require-dev": {
                "laravel/pint": "1.2.*",
                "phpstan/phpstan": "^1.10",
                "phpunit/phpunit": "^9.3",
                "squizlabs/php_codesniffer": "^3.6",
                "swoole/ide-helper": "4.8.8"
            },
            "type": "library",
            "autoload": {
                "psr-4": {
                    "Utopia\\CLI\\": "src/CLI"
                }
            },
            "notification-url": "https://packagist.org/downloads/",
            "license": [
                "MIT"
            ],
            "description": "A simple CLI library to manage command line applications",
            "keywords": [
                "cli",
                "command line",
                "framework",
                "php",
                "upf",
                "utopia"
            ],
            "support": {
                "issues": "https://github.com/utopia-php/cli/issues",
                "source": "https://github.com/utopia-php/cli/tree/0.19.0"
            },
            "time": "2024-09-05T15:46:56+00:00"
        },
        {
            "name": "utopia-php/di",
            "version": "0.1.0",
            "source": {
                "type": "git",
                "url": "https://github.com/utopia-php/di.git",
                "reference": "22490c95f7ac3898ed1c33f1b1b5dd577305ee31"
            },
            "dist": {
                "type": "zip",
                "url": "https://api.github.com/repos/utopia-php/di/zipball/22490c95f7ac3898ed1c33f1b1b5dd577305ee31",
                "reference": "22490c95f7ac3898ed1c33f1b1b5dd577305ee31",
                "shasum": ""
            },
            "require": {
                "php": ">=8.2"
            },
            "require-dev": {
                "laravel/pint": "^1.2",
                "phpbench/phpbench": "^1.2",
                "phpstan/phpstan": "^1.10",
                "phpunit/phpunit": "^9.5.25",
                "swoole/ide-helper": "4.8.3"
            },
            "type": "library",
            "autoload": {
                "psr-4": {
                    "Utopia\\": "src/",
                    "Tests\\E2E\\": "tests/e2e"
                }
            },
            "notification-url": "https://packagist.org/downloads/",
            "license": [
                "MIT"
            ],
            "description": "A simple and lite library for managing dependency injections",
            "keywords": [
                "framework",
                "http",
                "php",
                "upf"
            ],
            "support": {
                "issues": "https://github.com/utopia-php/di/issues",
                "source": "https://github.com/utopia-php/di/tree/0.1.0"
            },
            "time": "2024-08-08T14:35:19+00:00"
        },
        {
            "name": "utopia-php/fetch",
            "version": "0.2.1",
            "source": {
                "type": "git",
                "url": "https://github.com/utopia-php/fetch.git",
                "reference": "1423c0ee3eef944d816ca6e31706895b585aea82"
            },
            "dist": {
                "type": "zip",
                "url": "https://api.github.com/repos/utopia-php/fetch/zipball/1423c0ee3eef944d816ca6e31706895b585aea82",
                "reference": "1423c0ee3eef944d816ca6e31706895b585aea82",
                "shasum": ""
            },
            "require": {
                "php": ">=8.0"
            },
            "require-dev": {
                "laravel/pint": "^1.5.0",
                "phpstan/phpstan": "^1.10",
                "phpunit/phpunit": "^9.5"
            },
            "type": "library",
            "autoload": {
                "psr-4": {
                    "Utopia\\Fetch\\": "src/"
                }
            },
            "notification-url": "https://packagist.org/downloads/",
            "license": [
                "MIT"
            ],
            "description": "A simple library that provides an interface for making HTTP Requests.",
            "support": {
                "issues": "https://github.com/utopia-php/fetch/issues",
                "source": "https://github.com/utopia-php/fetch/tree/0.2.1"
            },
            "time": "2024-03-18T11:50:59+00:00"
        },
        {
            "name": "utopia-php/framework",
            "version": "1.0.2",
            "source": {
                "type": "git",
                "url": "https://github.com/utopia-php/http.git",
                "reference": "fc63ec61c720190a5ea5bb484c615145850951e6"
            },
            "dist": {
                "type": "zip",
                "url": "https://api.github.com/repos/utopia-php/http/zipball/fc63ec61c720190a5ea5bb484c615145850951e6",
                "reference": "fc63ec61c720190a5ea5bb484c615145850951e6",
                "shasum": ""
            },
            "require": {
                "ext-swoole": "*",
                "php": ">=8.0",
                "utopia-php/servers": "0.1.*"
            },
            "require-dev": {
                "ext-xdebug": "*",
                "laravel/pint": "^1.2",
                "phpbench/phpbench": "^1.2",
                "phpstan/phpstan": "^1.10",
                "phpunit/phpunit": "^9.5.25",
                "swoole/ide-helper": "4.8.3"
            },
            "type": "library",
            "autoload": {
                "psr-4": {
                    "Utopia\\": "src/"
                }
            },
            "notification-url": "https://packagist.org/downloads/",
            "license": [
                "MIT"
            ],
            "description": "A simple, light and advanced PHP HTTP framework",
            "keywords": [
                "framework",
                "http",
                "php",
                "upf"
            ],
            "support": {
                "issues": "https://github.com/utopia-php/http/issues",
                "source": "https://github.com/utopia-php/http/tree/1.0.2"
            },
            "time": "2024-09-10T09:04:19+00:00"
        },
        {
            "name": "utopia-php/http",
            "version": "1.0.2",
            "source": {
                "type": "git",
                "url": "https://github.com/utopia-php/http.git",
                "reference": "fc63ec61c720190a5ea5bb484c615145850951e6"
            },
            "dist": {
                "type": "zip",
                "url": "https://api.github.com/repos/utopia-php/http/zipball/fc63ec61c720190a5ea5bb484c615145850951e6",
                "reference": "fc63ec61c720190a5ea5bb484c615145850951e6",
                "shasum": ""
            },
            "require": {
                "ext-swoole": "*",
                "php": ">=8.0",
                "utopia-php/servers": "0.1.*"
            },
            "require-dev": {
                "ext-xdebug": "*",
                "laravel/pint": "^1.2",
                "phpbench/phpbench": "^1.2",
                "phpstan/phpstan": "^1.10",
                "phpunit/phpunit": "^9.5.25",
                "swoole/ide-helper": "4.8.3"
            },
            "type": "library",
            "autoload": {
                "psr-4": {
                    "Utopia\\": "src/"
                }
            },
            "notification-url": "https://packagist.org/downloads/",
            "license": [
                "MIT"
            ],
            "description": "A simple, light and advanced PHP HTTP framework",
            "keywords": [
                "framework",
                "http",
                "php",
                "upf"
            ],
            "support": {
                "issues": "https://github.com/utopia-php/http/issues",
                "source": "https://github.com/utopia-php/http/tree/1.0.2"
            },
            "time": "2024-09-10T09:04:19+00:00"
        },
        {
            "name": "utopia-php/platform",
            "version": "0.8.1",
            "source": {
                "type": "git",
                "url": "https://github.com/utopia-php/platform.git",
                "reference": "95d57f38a4001c7189a66885c485ac635d305234"
            },
            "dist": {
                "type": "zip",
                "url": "https://api.github.com/repos/utopia-php/platform/zipball/95d57f38a4001c7189a66885c485ac635d305234",
                "reference": "95d57f38a4001c7189a66885c485ac635d305234",
                "shasum": ""
            },
            "require": {
                "ext-json": "*",
                "ext-redis": "*",
                "php": ">=8.0",
                "utopia-php/cli": "0.19.*",
                "utopia-php/framework": "1.0.*",
                "utopia-php/queue": "0.8.*",
                "utopia-php/servers": "0.1.*"
            },
            "require-dev": {
                "laravel/pint": "1.2.*",
                "phpunit/phpunit": "^9.3"
            },
            "type": "library",
            "autoload": {
                "psr-4": {
                    "Utopia\\Platform\\": "src/Platform"
                }
            },
            "notification-url": "https://packagist.org/downloads/",
            "license": [
                "MIT"
            ],
            "description": "Light and Fast Platform Library",
            "keywords": [
                "framework",
                "php",
                "platform",
                "upf",
                "utopia"
            ],
            "support": {
                "issues": "https://github.com/utopia-php/platform/issues",
                "source": "https://github.com/utopia-php/platform/tree/0.8.1"
            },
            "time": "2024-09-06T02:33:27+00:00"
        },
        {
            "name": "utopia-php/queue",
            "version": "0.8.0",
            "source": {
                "type": "git",
                "url": "https://github.com/utopia-php/queue.git",
                "reference": "a518b271f8c158d6e66e36972f767189111033c2"
            },
            "dist": {
                "type": "zip",
                "url": "https://api.github.com/repos/utopia-php/queue/zipball/a518b271f8c158d6e66e36972f767189111033c2",
                "reference": "a518b271f8c158d6e66e36972f767189111033c2",
                "shasum": ""
            },
            "require": {
                "php": ">=8.0",
                "utopia-php/cli": "0.19.*",
                "utopia-php/di": "0.1.*",
                "utopia-php/servers": "0.1.*"
            },
            "require-dev": {
                "laravel/pint": "^0.2.3",
                "phpstan/phpstan": "^1.8",
                "phpunit/phpunit": "^9.5.5",
                "swoole/ide-helper": "4.8.8",
                "workerman/workerman": "^4.0"
            },
            "suggest": {
                "ext-redis": "Needed to support Redis connections",
                "ext-swoole": "Needed to support Swoole.",
                "workerman/workerman": "Needed to support Workerman."
            },
            "type": "library",
            "autoload": {
                "psr-4": {
                    "Utopia\\Queue\\": "src/Queue"
                }
            },
            "notification-url": "https://packagist.org/downloads/",
            "license": [
                "MIT"
            ],
            "authors": [
                {
                    "name": "Torsten Dittmann",
                    "email": "torsten@appwrite.io"
                }
            ],
            "description": "A powerful task queue.",
            "keywords": [
                "Tasks",
                "framework",
                "php",
                "queue",
                "upf",
                "utopia"
            ],
            "support": {
                "issues": "https://github.com/utopia-php/queue/issues",
                "source": "https://github.com/utopia-php/queue/tree/0.8.0"
            },
            "time": "2024-09-05T16:33:01+00:00"
        },
        {
            "name": "utopia-php/servers",
            "version": "0.1.1",
            "source": {
                "type": "git",
                "url": "https://github.com/utopia-php/servers.git",
                "reference": "fd5c8d32778f265256c1936372a071b944f5ba8a"
            },
            "dist": {
                "type": "zip",
                "url": "https://api.github.com/repos/utopia-php/servers/zipball/fd5c8d32778f265256c1936372a071b944f5ba8a",
                "reference": "fd5c8d32778f265256c1936372a071b944f5ba8a",
                "shasum": ""
            },
            "require": {
                "php": ">=8.0",
                "utopia-php/di": "0.1.*"
            },
            "require-dev": {
                "laravel/pint": "^0.2.3",
                "phpstan/phpstan": "^1.8",
                "phpunit/phpunit": "^9.5.5"
            },
            "type": "library",
            "autoload": {
                "psr-4": {
                    "Utopia\\Servers\\": "src/Servers"
                }
            },
            "notification-url": "https://packagist.org/downloads/",
            "license": [
                "MIT"
            ],
            "authors": [
                {
                    "name": "Team Appwrite",
                    "email": "team@appwrite.io"
                }
            ],
            "description": "A base library for building Utopia style servers.",
            "keywords": [
                "framework",
                "php",
                "servers",
                "upf",
                "utopia"
            ],
            "support": {
                "issues": "https://github.com/utopia-php/servers/issues",
                "source": "https://github.com/utopia-php/servers/tree/0.1.1"
            },
            "time": "2024-09-06T02:25:56+00:00"
        },
        {
            "name": "utopia-php/system",
            "version": "0.8.0",
            "source": {
                "type": "git",
                "url": "https://github.com/utopia-php/system.git",
                "reference": "a2cbfb3c69b9ecb8b6f06c5774f3cf279ea7665e"
            },
            "dist": {
                "type": "zip",
                "url": "https://api.github.com/repos/utopia-php/system/zipball/a2cbfb3c69b9ecb8b6f06c5774f3cf279ea7665e",
                "reference": "a2cbfb3c69b9ecb8b6f06c5774f3cf279ea7665e",
                "shasum": ""
            },
            "require": {
                "php": ">=8.0.0"
            },
            "require-dev": {
                "laravel/pint": "1.13.*",
                "phpstan/phpstan": "1.10.*",
                "phpunit/phpunit": "9.6.*"
            },
            "type": "library",
            "autoload": {
                "psr-4": {
                    "Utopia\\System\\": "src/System"
                }
            },
            "notification-url": "https://packagist.org/downloads/",
            "license": [
                "MIT"
            ],
            "authors": [
                {
                    "name": "Eldad Fux",
                    "email": "eldad@appwrite.io"
                },
                {
                    "name": "Torsten Dittmann",
                    "email": "torsten@appwrite.io"
                }
            ],
            "description": "A simple library for obtaining information about the host's system.",
            "keywords": [
                "framework",
                "php",
                "system",
                "upf",
                "utopia"
            ],
            "support": {
                "issues": "https://github.com/utopia-php/system/issues",
                "source": "https://github.com/utopia-php/system/tree/0.8.0"
            },
            "time": "2024-04-01T10:22:28+00:00"
        }
    ],
    "packages-dev": [],
    "aliases": [],
    "minimum-stability": "stable",
    "stability-flags": [],
    "prefer-stable": false,
    "prefer-lowest": false,
    "platform": {
        "php": ">=8.3.0"
    },
    "platform-dev": [],
    "plugin-api-version": "2.6.0"
}
